
Microsoft Visual Studio Solution File, Format Version 12.00
# Visual Studio Version 16
VisualStudioVersion = 16.0.31424.327
MinimumVisualStudioVersion = 10.0.40219.1
Project("{FAE04EC0-301F-11D3-BF4B-00C04F79EFBC}") = "problem1-3.calapini-bscpe1-5", "problem1-3.calapini-bscpe1-5.csproj", "{72298137-764F-486E-8F4D-CA1FAB5DEB43}"
EndProject
Global
	GlobalSection(SolutionConfigurationPlatforms) = preSolution
		Debug|Any CPU = Debug|Any CPU
		Release|Any CPU = Release|Any CPU
	EndGlobalSection
	GlobalSection(ProjectConfigurationPlatforms) = postSolution
		{72298137-764F-486E-8F4D-CA1FAB5DEB43}.Debug|Any CPU.ActiveCfg = Debug|Any CPU
		{72298137-764F-486E-8F4D-CA1FAB5DEB43}.Debug|Any CPU.Build.0 = Debug|Any CPU
		{72298137-764F-486E-8F4D-CA1FAB5DEB43}.Release|Any CPU.ActiveCfg = Release|Any CPU
		{72298137-764F-486E-8F4D-CA1FAB5DEB43}.Release|Any CPU.Build.0 = Release|Any CPU
	EndGlobalSection
	GlobalSection(SolutionProperties) = preSolution
		HideSolutionNode = FALSE
	EndGlobalSection
	GlobalSection(ExtensibilityGlobals) = postSolution
		SolutionGuid = {350B4DBC-6D40-475B-A1BF-B534EBC9359B}
	EndGlobalSection
EndGlobal
